
Microsoft Visual Studio Solution File, Format Version 12.00
# Visual Studio Version 17
VisualStudioVersion = 17.9.34728.123
MinimumVisualStudioVersion = 10.0.40219.1
Project("{FAE04EC0-301F-11D3-BF4B-00C04F79EFBC}") = "ViolacionLSP", "ViolacionLSP\ViolacionLSP.csproj", "{86A567FA-089D-403E-8065-3AC5824F0415}"
EndProject
Project("{FAE04EC0-301F-11D3-BF4B-00C04F79EFBC}") = "LspApp", "LspApp\LspApp.csproj", "{435C63E3-2CAD-446E-8CC4-A00F6E1C6952}"
EndProject
Global
	GlobalSection(SolutionConfigurationPlatforms) = preSolution
		Debug|Any CPU = Debug|Any CPU
		Release|Any CPU = Release|Any CPU
	EndGlobalSection
	GlobalSection(ProjectConfigurationPlatforms) = postSolution
		{86A567FA-089D-403E-8065-3AC5824F0415}.Debug|Any CPU.ActiveCfg = Debug|Any CPU
		{86A567FA-089D-403E-8065-3AC5824F0415}.Debug|Any CPU.Build.0 = Debug|Any CPU
		{86A567FA-089D-403E-8065-3AC5824F0415}.Release|Any CPU.ActiveCfg = Release|Any CPU
		{86A567FA-089D-403E-8065-3AC5824F0415}.Release|Any CPU.Build.0 = Release|Any CPU
		{435C63E3-2CAD-446E-8CC4-A00F6E1C6952}.Debug|Any CPU.ActiveCfg = Debug|Any CPU
		{435C63E3-2CAD-446E-8CC4-A00F6E1C6952}.Debug|Any CPU.Build.0 = Debug|Any CPU
		{435C63E3-2CAD-446E-8CC4-A00F6E1C6952}.Release|Any CPU.ActiveCfg = Release|Any CPU
		{435C63E3-2CAD-446E-8CC4-A00F6E1C6952}.Release|Any CPU.Build.0 = Release|Any CPU
	EndGlobalSection
	GlobalSection(SolutionProperties) = preSolution
		HideSolutionNode = FALSE
	EndGlobalSection
	GlobalSection(ExtensibilityGlobals) = postSolution
		SolutionGuid = {89ED0DB2-A0B6-4387-81EC-E8E6C3E6C491}
	EndGlobalSection
EndGlobal
